{
  "name": "flutter_app_gotyou",
  "lockfileVersion": 2,
  "requires": true,
  "packages": {
    "": {
      "devDependencies": {
        "jetifier": "^2.0.0"
      }
    },
    "node_modules/jetifier": {
      "version": "2.0.0",
      "resolved": "https://registry.npmjs.org/jetifier/-/jetifier-2.0.0.tgz",
      "integrity": "sha512-J4Au9KuT74te+PCCCHKgAjyLlEa+2VyIAEPNCdE5aNkAJ6FAJcAqcdzEkSnzNksIa9NkGmC4tPiClk2e7tCJuQ==",
      "dev": true,
      "bin": {
        "jetifier": "bin/jetify",
        "jetifier-standalone": "bin/jetifier-standalone",
        "jetify": "bin/jetify"
      }
    }
  },
  "dependencies": {
    "jetifier": {
      "version": "2.0.0",
      "resolved": "https://registry.npmjs.org/jetifier/-/jetifier-2.0.0.tgz",
      "integrity": "sha512-J4Au9KuT74te+PCCCHKgAjyLlEa+2VyIAEPNCdE5aNkAJ6FAJcAqcdzEkSnzNksIa9NkGmC4tPiClk2e7tCJuQ==",
      "dev": true
    }
  }
}
